
Microsoft Visual Studio Solution File, Format Version 12.00
# Visual Studio Version 16
VisualStudioVersion = 16.0.30717.126
MinimumVisualStudioVersion = 10.0.40219.1
Project("{FAE04EC0-301F-11D3-BF4B-00C04F79EFBC}") = "OgrenciNotMvc", "OgrenciNotMvc\OgrenciNotMvc.csproj", "{C24DCD2E-634C-4509-ADF4-0F2246587300}"
EndProject
Global
	GlobalSection(SolutionConfigurationPlatforms) = preSolution
		Debug|Any CPU = Debug|Any CPU
		Release|Any CPU = Release|Any CPU
	EndGlobalSection
	GlobalSection(ProjectConfigurationPlatforms) = postSolution
		{C24DCD2E-634C-4509-ADF4-0F2246587300}.Debug|Any CPU.ActiveCfg = Debug|Any CPU
		{C24DCD2E-634C-4509-ADF4-0F2246587300}.Debug|Any CPU.Build.0 = Debug|Any CPU
		{C24DCD2E-634C-4509-ADF4-0F2246587300}.Release|Any CPU.ActiveCfg = Release|Any CPU
		{C24DCD2E-634C-4509-ADF4-0F2246587300}.Release|Any CPU.Build.0 = Release|Any CPU
	EndGlobalSection
	GlobalSection(SolutionProperties) = preSolution
		HideSolutionNode = FALSE
	EndGlobalSection
	GlobalSection(ExtensibilityGlobals) = postSolution
		SolutionGuid = {EB677AD8-BBB6-48CC-A38B-C561F4772D76}
	EndGlobalSection
EndGlobal
